
Microsoft Visual Studio Solution File, Format Version 12.00
# Visual Studio Version 17
VisualStudioVersion = 17.8.34227.203
MinimumVisualStudioVersion = 10.0.40219.1
Project("{FAE04EC0-301F-11D3-BF4B-00C04F79EFBC}") = "ChocoVersionSelect", "ChocoVersionSelect.csproj", "{6F1CE6D0-8209-40DD-BE2A-7BF14FC49D59}"
EndProject
Global
	GlobalSection(SolutionConfigurationPlatforms) = preSolution
		Debug|Any CPU = Debug|Any CPU
		Release|Any CPU = Release|Any CPU
	EndGlobalSection
	GlobalSection(ProjectConfigurationPlatforms) = postSolution
		{6F1CE6D0-8209-40DD-BE2A-7BF14FC49D59}.Debug|Any CPU.ActiveCfg = Debug|Any CPU
		{6F1CE6D0-8209-40DD-BE2A-7BF14FC49D59}.Debug|Any CPU.Build.0 = Debug|Any CPU
		{6F1CE6D0-8209-40DD-BE2A-7BF14FC49D59}.Release|Any CPU.ActiveCfg = Release|Any CPU
		{6F1CE6D0-8209-40DD-BE2A-7BF14FC49D59}.Release|Any CPU.Build.0 = Release|Any CPU
	EndGlobalSection
	GlobalSection(SolutionProperties) = preSolution
		HideSolutionNode = FALSE
	EndGlobalSection
	GlobalSection(ExtensibilityGlobals) = postSolution
		SolutionGuid = {B83123AE-569F-4C25-B38C-EE94FBC7D0BA}
	EndGlobalSection
EndGlobal
